
Microsoft Visual Studio Solution File, Format Version 12.00
# Visual Studio Version 17
VisualStudioVersion = 17.3.32901.215
MinimumVisualStudioVersion = 10.0.40219.1
Project("{FAE04EC0-301F-11D3-BF4B-00C04F79EFBC}") = "AssignmentFormValidation", "AssignmentFormValidation.csproj", "{48A10BF0-BE12-4B8A-B6DD-724E33D59339}"
EndProject
Global
	GlobalSection(SolutionConfigurationPlatforms) = preSolution
		Debug|Any CPU = Debug|Any CPU
		Release|Any CPU = Release|Any CPU
	EndGlobalSection
	GlobalSection(ProjectConfigurationPlatforms) = postSolution
		{48A10BF0-BE12-4B8A-B6DD-724E33D59339}.Debug|Any CPU.ActiveCfg = Debug|Any CPU
		{48A10BF0-BE12-4B8A-B6DD-724E33D59339}.Debug|Any CPU.Build.0 = Debug|Any CPU
		{48A10BF0-BE12-4B8A-B6DD-724E33D59339}.Release|Any CPU.ActiveCfg = Release|Any CPU
		{48A10BF0-BE12-4B8A-B6DD-724E33D59339}.Release|Any CPU.Build.0 = Release|Any CPU
	EndGlobalSection
	GlobalSection(SolutionProperties) = preSolution
		HideSolutionNode = FALSE
	EndGlobalSection
	GlobalSection(ExtensibilityGlobals) = postSolution
		SolutionGuid = {E9BFA73F-0C45-48C9-90A4-1AC55733D8EB}
	EndGlobalSection
EndGlobal
